// !$*UTF8*$!
{
	archiveVersion = 1;
	classes = {
	};
	objectVersion = 56;
	objects = {

/* Begin PBXBuildFile section */
		3CE845E029B1717A007B3874 /* iOSTestLib.docc in Sources */ = {isa = PBXBuildFile; fileRef = 3CE845DF29B1717A007B3874 /* iOSTestLib.docc */; };
		3CE845E629B1717A007B3874 /* iOSTestLib.framework in Frameworks */ = {isa = PBXBuildFile; fileRef = 3CE845DB29B1717A007B3874 /* iOSTestLib.framework */; };
		3CE845EB29B1717A007B3874 /* iOSTestLibTests.swift in Sources */ = {isa = PBXBuildFile; fileRef = 3CE845EA29B1717A007B3874 /* iOSTestLibTests.swift */; };
		3CE845EC29B1717A007B3874 /* iOSTestLib.h in Headers */ = {isa = PBXBuildFile; fileRef = 3CE845DE29B1717A007B3874 /* iOSTestLib.h */; settings = {ATTRIBUTES = (Public, ); }; };
		3CE845FC29B1729D007B3874 /* iOSTestLibExamplesApp.swift in Sources */ = {isa = PBXBuildFile; fileRef = 3CE845FB29B1729D007B3874 /* iOSTestLibExamplesApp.swift */; };
		3CE845FE29B1729D007B3874 /* ContentView.swift in Sources */ = {isa = PBXBuildFile; fileRef = 3CE845FD29B1729D007B3874 /* ContentView.swift */; };
		3CE8460029B1729F007B3874 /* Assets.xcassets in Resources */ = {isa = PBXBuildFile; fileRef = 3CE845FF29B1729F007B3874 /* Assets.xcassets */; };
		3CE8460329B1729F007B3874 /* Preview Assets.xcassets in Resources */ = {isa = PBXBuildFile; fileRef = 3CE8460229B1729F007B3874 /* Preview Assets.xcassets */; };
/* End PBXBuildFile section */

/* Begin PBXContainerItemProxy section */
		3CE845E729B1717A007B3874 /* PBXContainerItemProxy */ = {
			isa = PBXContainerItemProxy;
			containerPortal = 3CE845D229B1717A007B3874 /* Project object */;
			proxyType = 1;
			remoteGlobalIDString = 3CE845DA29B1717A007B3874;
			remoteInfo = iOSTestLib;
		};
/* End PBXContainerItemProxy section */

/* Begin PBXFileReference section */
		3CE845DB29B1717A007B3874 /* iOSTestLib.framework */ = {isa = PBXFileReference; explicitFileType = wrapper.framework; includeInIndex = 0; path = iOSTestLib.framework; sourceTree = BUILT_PRODUCTS_DIR; };
		3CE845DE29B1717A007B3874 /* iOSTestLib.h */ = {isa = PBXFileReference; lastKnownFileType = sourcecode.c.h; path = iOSTestLib.h; sourceTree = "<group>"; };
		3CE845DF29B1717A007B3874 /* iOSTestLib.docc */ = {isa = PBXFileReference; lastKnownFileType = folder.documentationcatalog; path = iOSTestLib.docc; sourceTree = "<group>"; };
		3CE845E529B1717A007B3874 /* iOSTestLibTests.xctest */ = {isa = PBXFileReference; explicitFileType = wrapper.cfbundle; includeInIndex = 0; path = iOSTestLibTests.xctest; sourceTree = BUILT_PRODUCTS_DIR; };
		3CE845EA29B1717A007B3874 /* iOSTestLibTests.swift */ = {isa = PBXFileReference; lastKnownFileType = sourcecode.swift; path = iOSTestLibTests.swift; sourceTree = "<group>"; };
		3CE845F929B1729D007B3874 /* iOSTestLibExamples.app */ = {isa = PBXFileReference; explicitFileType = wrapper.application; includeInIndex = 0; path = iOSTestLibExamples.app; sourceTree = BUILT_PRODUCTS_DIR; };
		3CE845FB29B1729D007B3874 /* iOSTestLibExamplesApp.swift */ = {isa = PBXFileReference; lastKnownFileType = sourcecode.swift; path = iOSTestLibExamplesApp.swift; sourceTree = "<group>"; };
		3CE845FD29B1729D007B3874 /* ContentView.swift */ = {isa = PBXFileReference; lastKnownFileType = sourcecode.swift; path = ContentView.swift; sourceTree = "<group>"; };
		3CE845FF29B1729F007B3874 /* Assets.xcassets */ = {isa = PBXFileReference; lastKnownFileType = folder.assetcatalog; path = Assets.xcassets; sourceTree = "<group>"; };
		3CE8460229B1729F007B3874 /* Preview Assets.xcassets */ = {isa = PBXFileReference; lastKnownFileType = folder.assetcatalog; path = "Preview Assets.xcassets"; sourceTree = "<group>"; };
/* End PBXFileReference section */

/* Begin PBXFrameworksBuildPhase section */
		3CE845D829B1717A007B3874 /* Frameworks */ = {
			isa = PBXFrameworksBuildPhase;
			buildActionMask = 2147483647;
			files = (
			);
			runOnlyForDeploymentPostprocessing = 0;
		};
		3CE845E229B1717A007B3874 /* Frameworks */ = {
			isa = PBXFrameworksBuildPhase;
			buildActionMask = 2147483647;
			files = (
				3CE845E629B1717A007B3874 /* iOSTestLib.framework in Frameworks */,
			);
			runOnlyForDeploymentPostprocessing = 0;
		};
		3CE845F629B1729D007B3874 /* Frameworks */ = {
			isa = PBXFrameworksBuildPhase;
			buildActionMask = 2147483647;
			files = (
			);
			runOnlyForDeploymentPostprocessing = 0;
		};
/* End PBXFrameworksBuildPhase section */

/* Begin PBXGroup section */
		3CE845D129B1717A007B3874 = {
			isa = PBXGroup;
			children = (
				3CE845DD29B1717A007B3874 /* iOSTestLib */,
				3CE845E929B1717A007B3874 /* iOSTestLibTests */,
				3CE845FA29B1729D007B3874 /* iOSTestLibExamples */,
				3CE845DC29B1717A007B3874 /* Products */,
			);
			sourceTree = "<group>";
		};
		3CE845DC29B1717A007B3874 /* Products */ = {
			isa = PBXGroup;
			children = (
				3CE845DB29B1717A007B3874 /* iOSTestLib.framework */,
				3CE845E529B1717A007B3874 /* iOSTestLibTests.xctest */,
				3CE845F929B1729D007B3874 /* iOSTestLibExamples.app */,
			);
			name = Products;
			sourceTree = "<group>";
		};
		3CE845DD29B1717A007B3874 /* iOSTestLib */ = {
			isa = PBXGroup;
			children = (
				3CE845DE29B1717A007B3874 /* iOSTestLib.h */,
				3CE845DF29B1717A007B3874 /* iOSTestLib.docc */,
			);
			path = iOSTestLib;
			sourceTree = "<group>";
		};
		3CE845E929B1717A007B3874 /* iOSTestLibTests */ = {
			isa = PBXGroup;
			children = (
				3CE845EA29B1717A007B3874 /* iOSTestLibTests.swift */,
			);
			path = iOSTestLibTests;
			sourceTree = "<group>";
		};
		3CE845FA29B1729D007B3874 /* iOSTestLibExamples */ = {
			isa = PBXGroup;
			children = (
				3CE845FB29B1729D007B3874 /* iOSTestLibExamplesApp.swift */,
				3CE845FD29B1729D007B3874 /* ContentView.swift */,
				3CE845FF29B1729F007B3874 /* Assets.xcassets */,
				3CE8460129B1729F007B3874 /* Preview Content */,
			);
			path = iOSTestLibExamples;
			sourceTree = "<group>";
		};
		3CE8460129B1729F007B3874 /* Preview Content */ = {
			isa = PBXGroup;
			children = (
				3CE8460229B1729F007B3874 /* Preview Assets.xcassets */,
			);
			path = "Preview Content";
			sourceTree = "<group>";
		};
/* End PBXGroup section */

/* Begin PBXHeadersBuildPhase section */
		3CE845D629B1717A007B3874 /* Headers */ = {
			isa = PBXHeadersBuildPhase;
			buildActionMask = 2147483647;
			files = (
				3CE845EC29B1717A007B3874 /* iOSTestLib.h in Headers */,
			);
			runOnlyForDeploymentPostprocessing = 0;
		};
/* End PBXHeadersBuildPhase section */

/* Begin PBXNativeTarget section */
		3CE845DA29B1717A007B3874 /* iOSTestLib */ = {
			isa = PBXNativeTarget;
			buildConfigurationList = 3CE845EF29B1717A007B3874 /* Build configuration list for PBXNativeTarget "iOSTestLib" */;
			buildPhases = (
				3CE845D629B1717A007B3874 /* Headers */,
				3CE845D729B1717A007B3874 /* Sources */,
				3CE845D829B1717A007B3874 /* Frameworks */,
				3CE845D929B1717A007B3874 /* Resources */,
			);
			buildRules = (
			);
			dependencies = (
			);
			name = iOSTestLib;
			productName = iOSTestLib;
			productReference = 3CE845DB29B1717A007B3874 /* iOSTestLib.framework */;
			productType = "com.apple.product-type.framework";
		};
		3CE845E429B1717A007B3874 /* iOSTestLibTests */ = {
			isa = PBXNativeTarget;
			buildConfigurationList = 3CE845F229B1717A007B3874 /* Build configuration list for PBXNativeTarget "iOSTestLibTests" */;
			buildPhases = (
				3CE845E129B1717A007B3874 /* Sources */,
				3CE845E229B1717A007B3874 /* Frameworks */,
				3CE845E329B1717A007B3874 /* Resources */,
			);
			buildRules = (
			);
			dependencies = (
				3CE845E829B1717A007B3874 /* PBXTargetDependency */,
			);
			name = iOSTestLibTests;
			productName = iOSTestLibTests;
			productReference = 3CE845E529B1717A007B3874 /* iOSTestLibTests.xctest */;
			productType = "com.apple.product-type.bundle.unit-test";
		};
		3CE845F829B1729D007B3874 /* iOSTestLibExamples */ = {
			isa = PBXNativeTarget;
			buildConfigurationList = 3CE8460429B1729F007B3874 /* Build configuration list for PBXNativeTarget "iOSTestLibExamples" */;
			buildPhases = (
				3CE845F529B1729D007B3874 /* Sources */,
				3CE845F629B1729D007B3874 /* Frameworks */,
				3CE845F729B1729D007B3874 /* Resources */,
			);
			buildRules = (
			);
			dependencies = (
			);
			name = iOSTestLibExamples;
			productName = iOSTestLibExamples;
			productReference = 3CE845F929B1729D007B3874 /* iOSTestLibExamples.app */;
			productType = "com.apple.product-type.application";
		};
/* End PBXNativeTarget section */

/* Begin PBXProject section */
		3CE845D229B1717A007B3874 /* Project object */ = {
			isa = PBXProject;
			attributes = {
				BuildIndependentTargetsInParallel = NO;
				LastSwiftUpdateCheck = 1410;
				LastUpgradeCheck = 1410;
				TargetAttributes = {
					3CE845DA29B1717A007B3874 = {
						CreatedOnToolsVersion = 14.1;
					};
					3CE845E429B1717A007B3874 = {
						CreatedOnToolsVersion = 14.1;
					};
					3CE845F829B1729D007B3874 = {
						CreatedOnToolsVersion = 14.1;
					};
				};
			};
			buildConfigurationList = 3CE845D529B1717A007B3874 /* Build configuration list for PBXProject "iOSTestLib" */;
			compatibilityVersion = "Xcode 14.0";
			developmentRegion = en;
			hasScannedForEncodings = 0;
			knownRegions = (
				en,
				Base,
			);
			mainGroup = 3CE845D129B1717A007B3874;
			productRefGroup = 3CE845DC29B1717A007B3874 /* Products */;
			projectDirPath = "";
			projectRoot = "";
			targets = (
				3CE845DA29B1717A007B3874 /* iOSTestLib */,
				3CE845E429B1717A007B3874 /* iOSTestLibTests */,
				3CE845F829B1729D007B3874 /* iOSTestLibExamples */,
			);
		};
/* End PBXProject section */

/* Begin PBXResourcesBuildPhase section */
		3CE845D929B1717A007B3874 /* Resources */ = {
			isa = PBXResourcesBuildPhase;
			buildActionMask = 2147483647;
			files = (
			);
			runOnlyForDeploymentPostprocessing = 0;
		};
		3CE845E329B1717A007B3874 /* Resources */ = {
			isa = PBXResourcesBuildPhase;
			buildActionMask = 2147483647;
			files = (
			);
			runOnlyForDeploymentPostprocessing = 0;
		};
		3CE845F729B1729D007B3874 /* Resources */ = {
			isa = PBXResourcesBuildPhase;
			buildActionMask = 2147483647;
			files = (
				3CE8460329B1729F007B3874 /* Preview Assets.xcassets in Resources */,
				3CE8460029B1729F007B3874 /* Assets.xcassets in Resources */,
			);
			runOnlyForDeploymentPostprocessing = 0;
		};
/* End PBXResourcesBuildPhase section */

/* Begin PBXSourcesBuildPhase section */
		3CE845D729B1717A007B3874 /* Sources */ = {
			isa = PBXSourcesBuildPhase;
			buildActionMask = 2147483647;
			files = (
				3CE845E029B1717A007B3874 /* iOSTestLib.docc in Sources */,
			);
			runOnlyForDeploymentPostprocessing = 0;
		};
		3CE845E129B1717A007B3874 /* Sources */ = {
			isa = PBXSourcesBuildPhase;
			buildActionMask = 2147483647;
			files = (
				3CE845EB29B1717A007B3874 /* iOSTestLibTests.swift in Sources */,
			);
			runOnlyForDeploymentPostprocessing = 0;
		};
		3CE845F529B1729D007B3874 /* Sources */ = {
			isa = PBXSourcesBuildPhase;
			buildActionMask = 2147483647;
			files = (
				3CE845FE29B1729D007B3874 /* ContentView.swift in Sources */,
				3CE845FC29B1729D007B3874 /* iOSTestLibExamplesApp.swift in Sources */,
			);
			runOnlyForDeploymentPostprocessing = 0;
		};
/* End PBXSourcesBuildPhase section */

/* Begin PBXTargetDependency section */
		3CE845E829B1717A007B3874 /* PBXTargetDependency */ = {
			isa = PBXTargetDependency;
			target = 3CE845DA29B1717A007B3874 /* iOSTestLib */;
			targetProxy = 3CE845E729B1717A007B3874 /* PBXContainerItemProxy */;
		};
/* End PBXTargetDependency section */

/* Begin XCBuildConfiguration section */
		3CE845ED29B1717A007B3874 /* Debug */ = {
			isa = XCBuildConfiguration;
			buildSettings = {
				ALWAYS_SEARCH_USER_PATHS = NO;
				CLANG_ANALYZER_NONNULL = YES;
				CLANG_ANALYZER_NUMBER_OBJECT_CONVERSION = YES_AGGRESSIVE;
				CLANG_CXX_LANGUAGE_STANDARD = "gnu++20";
				CLANG_ENABLE_MODULES = YES;
				CLANG_ENABLE_OBJC_ARC = YES;
				CLANG_ENABLE_OBJC_WEAK = YES;
				CLANG_WARN_BLOCK_CAPTURE_AUTORELEASING = YES;
				CLANG_WARN_BOOL_CONVERSION = YES;
				CLANG_WARN_COMMA = YES;
				CLANG_WARN_CONSTANT_CONVERSION = YES;
				CLANG_WARN_DEPRECATED_OBJC_IMPLEMENTATIONS = YES;
				CLANG_WARN_DIRECT_OBJC_ISA_USAGE = YES_ERROR;
				CLANG_WARN_DOCUMENTATION_COMMENTS = YES;
				CLANG_WARN_EMPTY_BODY = YES;
				CLANG_WARN_ENUM_CONVERSION = YES;
				CLANG_WARN_INFINITE_RECURSION = YES;
				CLANG_WARN_INT_CONVERSION = YES;
				CLANG_WARN_NON_LITERAL_NULL_CONVERSION = YES;
				CLANG_WARN_OBJC_IMPLICIT_RETAIN_SELF = YES;
				CLANG_WARN_OBJC_LITERAL_CONVERSION = YES;
				CLANG_WARN_OBJC_ROOT_CLASS = YES_ERROR;
				CLANG_WARN_QUOTED_INCLUDE_IN_FRAMEWORK_HEADER = YES;
				CLANG_WARN_RANGE_LOOP_ANALYSIS = YES;
				CLANG_WARN_STRICT_PROTOTYPES = YES;
				CLANG_WARN_SUSPICIOUS_MOVE = YES;
				CLANG_WARN_UNGUARDED_AVAILABILITY = YES_AGGRESSIVE;
				CLANG_WARN_UNREACHABLE_CODE = YES;
				CLANG_WARN__DUPLICATE_METHOD_MATCH = YES;
				COPY_PHASE_STRIP = NO;
				CURRENT_PROJECT_VERSION = 1;
				DEBUG_INFORMATION_FORMAT = dwarf;
				ENABLE_STRICT_OBJC_MSGSEND = YES;
				ENABLE_TESTABILITY = YES;
				GCC_C_LANGUAGE_STANDARD = gnu11;
				GCC_DYNAMIC_NO_PIC = NO;
				GCC_NO_COMMON_BLOCKS = YES;
				GCC_OPTIMIZATION_LEVEL = 0;
				GCC_PREPROCESSOR_DEFINITIONS = (
					"DEBUG=1",
					"$(inherited)",
				);
				GCC_WARN_64_TO_32_BIT_CONVERSION = YES;
				GCC_WARN_ABOUT_RETURN_TYPE = YES_ERROR;
				GCC_WARN_UNDECLARED_SELECTOR = YES;
				GCC_WARN_UNINITIALIZED_AUTOS = YES_AGGRESSIVE;
				GCC_WARN_UNUSED_FUNCTION = YES;
				GCC_WARN_UNUSED_VARIABLE = YES;
				IPHONEOS_DEPLOYMENT_TARGET = 15.0;
				MTL_ENABLE_DEBUG_INFO = INCLUDE_SOURCE;
				MTL_FAST_MATH = YES;
				ONLY_ACTIVE_ARCH = YES;
				SDKROOT = iphoneos;
				SWIFT_ACTIVE_COMPILATION_CONDITIONS = DEBUG;
				SWIFT_OPTIMIZATION_LEVEL = "-Onone";
				VERSIONING_SYSTEM = "apple-generic";
				VERSION_INFO_PREFIX = "";
			};
			name = Debug;
		};
		3CE845EE29B1717A007B3874 /* Release */ = {
			isa = XCBuildConfiguration;
			buildSettings = {
				ALWAYS_SEARCH_USER_PATHS = NO;
				CLANG_ANALYZER_NONNULL = YES;
				CLANG_ANALYZER_NUMBER_OBJECT_CONVERSION = YES_AGGRESSIVE;
				CLANG_CXX_LANGUAGE_STANDARD = "gnu++20";
				CLANG_ENABLE_MODULES = YES;
				CLANG_ENABLE_OBJC_ARC = YES;
				CLANG_ENABLE_OBJC_WEAK = YES;
				CLANG_WARN_BLOCK_CAPTURE_AUTORELEASING = YES;
				CLANG_WARN_BOOL_CONVERSION = YES;
				CLANG_WARN_COMMA = YES;
				CLANG_WARN_CONSTANT_CONVERSION = YES;
				CLANG_WARN_DEPRECATED_OBJC_IMPLEMENTATIONS = YES;
				CLANG_WARN_DIRECT_OBJC_ISA_USAGE = YES_ERROR;
				CLANG_WARN_DOCUMENTATION_COMMENTS = YES;
				CLANG_WARN_EMPTY_BODY = YES;
				CLANG_WARN_ENUM_CONVERSION = YES;
				CLANG_WARN_INFINITE_RECURSION = YES;
				CLANG_WARN_INT_CONVERSION = YES;
				CLANG_WARN_NON_LITERAL_NULL_CONVERSION = YES;
				CLANG_WARN_OBJC_IMPLICIT_RETAIN_SELF = YES;
				CLANG_WARN_OBJC_LITERAL_CONVERSION = YES;
				CLANG_WARN_OBJC_ROOT_CLASS = YES_ERROR;
				CLANG_WARN_QUOTED_INCLUDE_IN_FRAMEWORK_HEADER = YES;
				CLANG_WARN_RANGE_LOOP_ANALYSIS = YES;
				CLANG_WARN_STRICT_PROTOTYPES = YES;
				CLANG_WARN_SUSPICIOUS_MOVE = YES;
				CLANG_WARN_UNGUARDED_AVAILABILITY = YES_AGGRESSIVE;
				CLANG_WARN_UNREACHABLE_CODE = YES;
				CLANG_WARN__DUPLICATE_METHOD_MATCH = YES;
				COPY_PHASE_STRIP = NO;
				CURRENT_PROJECT_VERSION = 1;
				DEBUG_INFORMATION_FORMAT = "dwarf-with-dsym";
				ENABLE_NS_ASSERTIONS = NO;
				ENABLE_STRICT_OBJC_MSGSEND = YES;
				GCC_C_LANGUAGE_STANDARD = gnu11;
				GCC_NO_COMMON_BLOCKS = YES;
				GCC_WARN_64_TO_32_BIT_CONVERSION = YES;
				GCC_WARN_ABOUT_RETURN_TYPE = YES_ERROR;
				GCC_WARN_UNDECLARED_SELECTOR = YES;
				GCC_WARN_UNINITIALIZED_AUTOS = YES_AGGRESSIVE;
				GCC_WARN_UNUSED_FUNCTION = YES;
				GCC_WARN_UNUSED_VARIABLE = YES;
				IPHONEOS_DEPLOYMENT_TARGET = 15.0;
				MTL_ENABLE_DEBUG_INFO = NO;
				MTL_FAST_MATH = YES;
				SDKROOT = iphoneos;
				SWIFT_COMPILATION_MODE = wholemodule;
				SWIFT_OPTIMIZATION_LEVEL = "-O";
				VALIDATE_PRODUCT = YES;
				VERSIONING_SYSTEM = "apple-generic";
				VERSION_INFO_PREFIX = "";
			};
			name = Release;
		};
		3CE845F029B1717A007B3874 /* Debug */ = {
			isa = XCBuildConfiguration;
			buildSettings = {
				CODE_SIGN_STYLE = Automatic;
				CURRENT_PROJECT_VERSION = 1;
				DEFINES_MODULE = YES;
				DEVELOPMENT_TEAM = 6BRX88875G;
				DYLIB_COMPATIBILITY_VERSION = 1;
				DYLIB_CURRENT_VERSION = 1;
				DYLIB_INSTALL_NAME_BASE = "@rpath";
				GENERATE_INFOPLIST_FILE = YES;
				INFOPLIST_KEY_NSHumanReadableCopyright = "";
				INSTALL_PATH = "$(LOCAL_LIBRARY_DIR)/Frameworks";
				LD_RUNPATH_SEARCH_PATHS = (
					"$(inherited)",
					"@executable_path/Frameworks",
					"@loader_path/Frameworks",
				);
				MARKETING_VERSION = 1.0;
				PRODUCT_BUNDLE_IDENTIFIER = test.iOSTestLib;
				PRODUCT_NAME = "$(TARGET_NAME:c99extidentifier)";
				SKIP_INSTALL = YES;
				SWIFT_EMIT_LOC_STRINGS = YES;
				SWIFT_VERSION = 5.0;
				TARGETED_DEVICE_FAMILY = "1,2";
			};
			name = Debug;
		};
		3CE845F129B1717A007B3874 /* Release */ = {
			isa = XCBuildConfiguration;
			buildSettings = {
				CODE_SIGN_STYLE = Automatic;
				CURRENT_PROJECT_VERSION = 1;
				DEFINES_MODULE = YES;
				DEVELOPMENT_TEAM = 6BRX88875G;
				DYLIB_COMPATIBILITY_VERSION = 1;
				DYLIB_CURRENT_VERSION = 1;
				DYLIB_INSTALL_NAME_BASE = "@rpath";
				GENERATE_INFOPLIST_FILE = YES;
				INFOPLIST_KEY_NSHumanReadableCopyright = "";
				INSTALL_PATH = "$(LOCAL_LIBRARY_DIR)/Frameworks";
				LD_RUNPATH_SEARCH_PATHS = (
					"$(inherited)",
					"@executable_path/Frameworks",
					"@loader_path/Frameworks",
				);
				MARKETING_VERSION = 1.0;
				PRODUCT_BUNDLE_IDENTIFIER = test.iOSTestLib;
				PRODUCT_NAME = "$(TARGET_NAME:c99extidentifier)";
				SKIP_INSTALL = YES;
				SWIFT_EMIT_LOC_STRINGS = YES;
				SWIFT_VERSION = 5.0;
				TARGETED_DEVICE_FAMILY = "1,2";
			};
			name = Release;
		};
		3CE845F329B1717A007B3874 /* Debug */ = {
			isa = XCBuildConfiguration;
			buildSettings = {
				CODE_SIGN_STYLE = Automatic;
				CURRENT_PROJECT_VERSION = 1;
				DEVELOPMENT_TEAM = 6BRX88875G;
				GENERATE_INFOPLIST_FILE = YES;
				MARKETING_VERSION = 1.0;
				PRODUCT_BUNDLE_IDENTIFIER = test.iOSTestLibTests;
				PRODUCT_NAME = "$(TARGET_NAME)";
				SWIFT_EMIT_LOC_STRINGS = NO;
				SWIFT_VERSION = 5.0;
				TARGETED_DEVICE_FAMILY = "1,2";
			};
			name = Debug;
		};
		3CE845F429B1717A007B3874 /* Release */ = {
			isa = XCBuildConfiguration;
			buildSettings = {
				CODE_SIGN_STYLE = Automatic;
				CURRENT_PROJECT_VERSION = 1;
				DEVELOPMENT_TEAM = 6BRX88875G;
				GENERATE_INFOPLIST_FILE = YES;
				MARKETING_VERSION = 1.0;
				PRODUCT_BUNDLE_IDENTIFIER = test.iOSTestLibTests;
				PRODUCT_NAME = "$(TARGET_NAME)";
				SWIFT_EMIT_LOC_STRINGS = NO;
				SWIFT_VERSION = 5.0;
				TARGETED_DEVICE_FAMILY = "1,2";
			};
			name = Release;
		};
		3CE8460529B1729F007B3874 /* Debug */ = {
			isa = XCBuildConfiguration;
			buildSettings = {
				ASSETCATALOG_COMPILER_APPICON_NAME = AppIcon;
				ASSETCATALOG_COMPILER_GLOBAL_ACCENT_COLOR_NAME = AccentColor;
				CODE_SIGN_STYLE = Automatic;
				CURRENT_PROJECT_VERSION = 1;
				DEVELOPMENT_ASSET_PATHS = "\"iOSTestLibExamples/Preview Content\"";
				DEVELOPMENT_TEAM = 6BRX88875G;
				ENABLE_PREVIEWS = YES;
				GENERATE_INFOPLIST_FILE = YES;
				INFOPLIST_KEY_UIApplicationSceneManifest_Generation = YES;
				INFOPLIST_KEY_UIApplicationSupportsIndirectInputEvents = YES;
				INFOPLIST_KEY_UILaunchScreen_Generation = YES;
				INFOPLIST_KEY_UISupportedInterfaceOrientations_iPad = "UIInterfaceOrientationPortrait UIInterfaceOrientationPortraitUpsideDown UIInterfaceOrientationLandscapeLeft UIInterfaceOrientationLandscapeRight";
				INFOPLIST_KEY_UISupportedInterfaceOrientations_iPhone = "UIInterfaceOrientationPortrait UIInterfaceOrientationLandscapeLeft UIInterfaceOrientationLandscapeRight";
				IPHONEOS_DEPLOYMENT_TARGET = 16.1;
				LD_RUNPATH_SEARCH_PATHS = (
					"$(inherited)",
					"@executable_path/Frameworks",
				);
				MARKETING_VERSION = 1.0;
				PRODUCT_BUNDLE_IDENTIFIER = test.iOSTestLibExamples;
				PRODUCT_NAME = "$(TARGET_NAME)";
				SWIFT_EMIT_LOC_STRINGS = YES;
				SWIFT_VERSION = 5.0;
				TARGETED_DEVICE_FAMILY = "1,2";
			};
			name = Debug;
		};
		3CE8460629B1729F007B3874 /* Release */ = {
			isa = XCBuildConfiguration;
			buildSettings = {
				ASSETCATALOG_COMPILER_APPICON_NAME = AppIcon;
				ASSETCATALOG_COMPILER_GLOBAL_ACCENT_COLOR_NAME = AccentColor;
				CODE_SIGN_STYLE = Automatic;
				CURRENT_PROJECT_VERSION = 1;
				DEVELOPMENT_ASSET_PATHS = "\"iOSTestLibExamples/Preview Content\"";
				DEVELOPMENT_TEAM = 6BRX88875G;
				ENABLE_PREVIEWS = YES;
				GENERATE_INFOPLIST_FILE = YES;
				INFOPLIST_KEY_UIApplicationSceneManifest_Generation = YES;
				INFOPLIST_KEY_UIApplicationSupportsIndirectInputEvents = YES;
				INFOPLIST_KEY_UILaunchScreen_Generation = YES;
				INFOPLIST_KEY_UISupportedInterfaceOrientations_iPad = "UIInterfaceOrientationPortrait UIInterfaceOrientationPortraitUpsideDown UIInterfaceOrientationLandscapeLeft UIInterfaceOrientationLandscapeRight";
				INFOPLIST_KEY_UISupportedInterfaceOrientations_iPhone = "UIInterfaceOrientationPortrait UIInterfaceOrientationLandscapeLeft UIInterfaceOrientationLandscapeRight";
				IPHONEOS_DEPLOYMENT_TARGET = 16.1;
				LD_RUNPATH_SEARCH_PATHS = (
					"$(inherited)",
					"@executable_path/Frameworks",
				);
				MARKETING_VERSION = 1.0;
				PRODUCT_BUNDLE_IDENTIFIER = test.iOSTestLibExamples;
				PRODUCT_NAME = "$(TARGET_NAME)";
				SWIFT_EMIT_LOC_STRINGS = YES;
				SWIFT_VERSION = 5.0;
				TARGETED_DEVICE_FAMILY = "1,2";
			};
			name = Release;
		};
/* End XCBuildConfiguration section */

/* Begin XCConfigurationList section */
		3CE845D529B1717A007B3874 /* Build configuration list for PBXProject "iOSTestLib" */ = {
			isa = XCConfigurationList;
			buildConfigurations = (
				3CE845ED29B1717A007B3874 /* Debug */,
				3CE845EE29B1717A007B3874 /* Release */,
			);
			defaultConfigurationIsVisible = 0;
			defaultConfigurationName = Release;
		};
		3CE845EF29B1717A007B3874 /* Build configuration list for PBXNativeTarget "iOSTestLib" */ = {
			isa = XCConfigurationList;
			buildConfigurations = (
				3CE845F029B1717A007B3874 /* Debug */,
				3CE845F129B1717A007B3874 /* Release */,
			);
			defaultConfigurationIsVisible = 0;
			defaultConfigurationName = Release;
		};
		3CE845F229B1717A007B3874 /* Build configuration list for PBXNativeTarget "iOSTestLibTests" */ = {
			isa = XCConfigurationList;
			buildConfigurations = (
				3CE845F329B1717A007B3874 /* Debug */,
				3CE845F429B1717A007B3874 /* Release */,
			);
			defaultConfigurationIsVisible = 0;
			defaultConfigurationName = Release;
		};
		3CE8460429B1729F007B3874 /* Build configuration list for PBXNativeTarget "iOSTestLibExamples" */ = {
			isa = XCConfigurationList;
			buildConfigurations = (
				3CE8460529B1729F007B3874 /* Debug */,
				3CE8460629B1729F007B3874 /* Release */,
			);
			defaultConfigurationIsVisible = 0;
			defaultConfigurationName = Release;
		};
/* End XCConfigurationList section */
	};
	rootObject = 3CE845D229B1717A007B3874 /* Project object */;
}
